// !$*UTF8*$!
{
	archiveVersion = 1;
	classes = {
	};
	objectVersion = 52;
	objects = {

/* Begin PBXBuildFile section */
		D354E6962682221000C1519E /* TextMarkupKitSampleApp.swift in Sources */ = {isa = PBXBuildFile; fileRef = D354E6952682221000C1519E /* TextMarkupKitSampleApp.swift */; };
		D354E6982682221000C1519E /* TextMarkupKitSampleDocument.swift in Sources */ = {isa = PBXBuildFile; fileRef = D354E6972682221000C1519E /* TextMarkupKitSampleDocument.swift */; };
		D354E69A2682221000C1519E /* ContentView.swift in Sources */ = {isa = PBXBuildFile; fileRef = D354E6992682221000C1519E /* ContentView.swift */; };
		D354E69C2682221100C1519E /* Assets.xcassets in Resources */ = {isa = PBXBuildFile; fileRef = D354E69B2682221100C1519E /* Assets.xcassets */; };
		D354E69F2682221100C1519E /* Preview Assets.xcassets in Resources */ = {isa = PBXBuildFile; fileRef = D354E69E2682221100C1519E /* Preview Assets.xcassets */; };
		D354E6AA2682221100C1519E /* TextMarkupKitSampleTests.swift in Sources */ = {isa = PBXBuildFile; fileRef = D354E6A92682221100C1519E /* TextMarkupKitSampleTests.swift */; };
		D354E6B52682221100C1519E /* TextMarkupKitSampleUITests.swift in Sources */ = {isa = PBXBuildFile; fileRef = D354E6B42682221100C1519E /* TextMarkupKitSampleUITests.swift */; };
		D3EE1244268225CF009724CC /* TextMarkupKit in Frameworks */ = {isa = PBXBuildFile; productRef = D3EE1243268225CF009724CC /* TextMarkupKit */; };
/* End PBXBuildFile section */

/* Begin PBXContainerItemProxy section */
		D354E6A62682221100C1519E /* PBXContainerItemProxy */ = {
			isa = PBXContainerItemProxy;
			containerPortal = D354E68A2682221000C1519E /* Project object */;
			proxyType = 1;
			remoteGlobalIDString = D354E6912682221000C1519E;
			remoteInfo = TextMarkupKitSample;
		};
		D354E6B12682221100C1519E /* PBXContainerItemProxy */ = {
			isa = PBXContainerItemProxy;
			containerPortal = D354E68A2682221000C1519E /* Project object */;
			proxyType = 1;
			remoteGlobalIDString = D354E6912682221000C1519E;
			remoteInfo = TextMarkupKitSample;
		};
/* End PBXContainerItemProxy section */

/* Begin PBXFileReference section */
		D354E6922682221000C1519E /* TextMarkupKitSample.app */ = {isa = PBXFileReference; explicitFileType = wrapper.application; includeInIndex = 0; path = TextMarkupKitSample.app; sourceTree = BUILT_PRODUCTS_DIR; };
		D354E6952682221000C1519E /* TextMarkupKitSampleApp.swift */ = {isa = PBXFileReference; lastKnownFileType = sourcecode.swift; path = TextMarkupKitSampleApp.swift; sourceTree = "<group>"; };
		D354E6972682221000C1519E /* TextMarkupKitSampleDocument.swift */ = {isa = PBXFileReference; lastKnownFileType = sourcecode.swift; path = TextMarkupKitSampleDocument.swift; sourceTree = "<group>"; };
		D354E6992682221000C1519E /* ContentView.swift */ = {isa = PBXFileReference; lastKnownFileType = sourcecode.swift; path = ContentView.swift; sourceTree = "<group>"; };
		D354E69B2682221100C1519E /* Assets.xcassets */ = {isa = PBXFileReference; lastKnownFileType = folder.assetcatalog; path = Assets.xcassets; sourceTree = "<group>"; };
		D354E69E2682221100C1519E /* Preview Assets.xcassets */ = {isa = PBXFileReference; lastKnownFileType = folder.assetcatalog; path = "Preview Assets.xcassets"; sourceTree = "<group>"; };
		D354E6A02682221100C1519E /* Info.plist */ = {isa = PBXFileReference; lastKnownFileType = text.plist.xml; path = Info.plist; sourceTree = "<group>"; };
		D354E6A52682221100C1519E /* TextMarkupKitSampleTests.xctest */ = {isa = PBXFileReference; explicitFileType = wrapper.cfbundle; includeInIndex = 0; path = TextMarkupKitSampleTests.xctest; sourceTree = BUILT_PRODUCTS_DIR; };
		D354E6A92682221100C1519E /* TextMarkupKitSampleTests.swift */ = {isa = PBXFileReference; lastKnownFileType = sourcecode.swift; path = TextMarkupKitSampleTests.swift; sourceTree = "<group>"; };
		D354E6AB2682221100C1519E /* Info.plist */ = {isa = PBXFileReference; lastKnownFileType = text.plist.xml; path = Info.plist; sourceTree = "<group>"; };
		D354E6B02682221100C1519E /* TextMarkupKitSampleUITests.xctest */ = {isa = PBXFileReference; explicitFileType = wrapper.cfbundle; includeInIndex = 0; path = TextMarkupKitSampleUITests.xctest; sourceTree = BUILT_PRODUCTS_DIR; };
		D354E6B42682221100C1519E /* TextMarkupKitSampleUITests.swift */ = {isa = PBXFileReference; lastKnownFileType = sourcecode.swift; path = TextMarkupKitSampleUITests.swift; sourceTree = "<group>"; };
		D354E6B62682221100C1519E /* Info.plist */ = {isa = PBXFileReference; lastKnownFileType = text.plist.xml; path = Info.plist; sourceTree = "<group>"; };
		D354E6C22682225800C1519E /* TextMarkupKit */ = {isa = PBXFileReference; lastKnownFileType = folder; name = TextMarkupKit; path = ..; sourceTree = "<group>"; };
/* End PBXFileReference section */

/* Begin PBXFrameworksBuildPhase section */
		D354E68F2682221000C1519E /* Frameworks */ = {
			isa = PBXFrameworksBuildPhase;
			buildActionMask = 2147483647;
			files = (
				D3EE1244268225CF009724CC /* TextMarkupKit in Frameworks */,
			);
			runOnlyForDeploymentPostprocessing = 0;
		};
		D354E6A22682221100C1519E /* Frameworks */ = {
			isa = PBXFrameworksBuildPhase;
			buildActionMask = 2147483647;
			files = (
			);
			runOnlyForDeploymentPostprocessing = 0;
		};
		D354E6AD2682221100C1519E /* Frameworks */ = {
			isa = PBXFrameworksBuildPhase;
			buildActionMask = 2147483647;
			files = (
			);
			runOnlyForDeploymentPostprocessing = 0;
		};
/* End PBXFrameworksBuildPhase section */

/* Begin PBXGroup section */
		D354E6892682221000C1519E = {
			isa = PBXGroup;
			children = (
				D354E6C22682225800C1519E /* TextMarkupKit */,
				D354E6942682221000C1519E /* TextMarkupKitSample */,
				D354E6A82682221100C1519E /* TextMarkupKitSampleTests */,
				D354E6B32682221100C1519E /* TextMarkupKitSampleUITests */,
				D354E6932682221000C1519E /* Products */,
				D3EE1242268225CF009724CC /* Frameworks */,
			);
			indentWidth = 2;
			sourceTree = "<group>";
			tabWidth = 2;
		};
		D354E6932682221000C1519E /* Products */ = {
			isa = PBXGroup;
			children = (
				D354E6922682221000C1519E /* TextMarkupKitSample.app */,
				D354E6A52682221100C1519E /* TextMarkupKitSampleTests.xctest */,
				D354E6B02682221100C1519E /* TextMarkupKitSampleUITests.xctest */,
			);
			name = Products;
			sourceTree = "<group>";
		};
		D354E6942682221000C1519E /* TextMarkupKitSample */ = {
			isa = PBXGroup;
			children = (
				D354E6952682221000C1519E /* TextMarkupKitSampleApp.swift */,
				D354E6972682221000C1519E /* TextMarkupKitSampleDocument.swift */,
				D354E6992682221000C1519E /* ContentView.swift */,
				D354E69B2682221100C1519E /* Assets.xcassets */,
				D354E6A02682221100C1519E /* Info.plist */,
				D354E69D2682221100C1519E /* Preview Content */,
			);
			path = TextMarkupKitSample;
			sourceTree = "<group>";
		};
		D354E69D2682221100C1519E /* Preview Content */ = {
			isa = PBXGroup;
			children = (
				D354E69E2682221100C1519E /* Preview Assets.xcassets */,
			);
			path = "Preview Content";
			sourceTree = "<group>";
		};
		D354E6A82682221100C1519E /* TextMarkupKitSampleTests */ = {
			isa = PBXGroup;
			children = (
				D354E6A92682221100C1519E /* TextMarkupKitSampleTests.swift */,
				D354E6AB2682221100C1519E /* Info.plist */,
			);
			path = TextMarkupKitSampleTests;
			sourceTree = "<group>";
		};
		D354E6B32682221100C1519E /* TextMarkupKitSampleUITests */ = {
			isa = PBXGroup;
			children = (
				D354E6B42682221100C1519E /* TextMarkupKitSampleUITests.swift */,
				D354E6B62682221100C1519E /* Info.plist */,
			);
			path = TextMarkupKitSampleUITests;
			sourceTree = "<group>";
		};
		D3EE1242268225CF009724CC /* Frameworks */ = {
			isa = PBXGroup;
			children = (
			);
			name = Frameworks;
			sourceTree = "<group>";
		};
/* End PBXGroup section */

/* Begin PBXNativeTarget section */
		D354E6912682221000C1519E /* TextMarkupKitSample */ = {
			isa = PBXNativeTarget;
			buildConfigurationList = D354E6B92682221100C1519E /* Build configuration list for PBXNativeTarget "TextMarkupKitSample" */;
			buildPhases = (
				D354E68E2682221000C1519E /* Sources */,
				D354E68F2682221000C1519E /* Frameworks */,
				D354E6902682221000C1519E /* Resources */,
			);
			buildRules = (
			);
			dependencies = (
			);
			name = TextMarkupKitSample;
			packageProductDependencies = (
				D3EE1243268225CF009724CC /* TextMarkupKit */,
			);
			productName = TextMarkupKitSample;
			productReference = D354E6922682221000C1519E /* TextMarkupKitSample.app */;
			productType = "com.apple.product-type.application";
		};
		D354E6A42682221100C1519E /* TextMarkupKitSampleTests */ = {
			isa = PBXNativeTarget;
			buildConfigurationList = D354E6BC2682221100C1519E /* Build configuration list for PBXNativeTarget "TextMarkupKitSampleTests" */;
			buildPhases = (
				D354E6A12682221100C1519E /* Sources */,
				D354E6A22682221100C1519E /* Frameworks */,
				D354E6A32682221100C1519E /* Resources */,
			);
			buildRules = (
			);
			dependencies = (
				D354E6A72682221100C1519E /* PBXTargetDependency */,
			);
			name = TextMarkupKitSampleTests;
			productName = TextMarkupKitSampleTests;
			productReference = D354E6A52682221100C1519E /* TextMarkupKitSampleTests.xctest */;
			productType = "com.apple.product-type.bundle.unit-test";
		};
		D354E6AF2682221100C1519E /* TextMarkupKitSampleUITests */ = {
			isa = PBXNativeTarget;
			buildConfigurationList = D354E6BF2682221100C1519E /* Build configuration list for PBXNativeTarget "TextMarkupKitSampleUITests" */;
			buildPhases = (
				D354E6AC2682221100C1519E /* Sources */,
				D354E6AD2682221100C1519E /* Frameworks */,
				D354E6AE2682221100C1519E /* Resources */,
			);
			buildRules = (
			);
			dependencies = (
				D354E6B22682221100C1519E /* PBXTargetDependency */,
			);
			name = TextMarkupKitSampleUITests;
			productName = TextMarkupKitSampleUITests;
			productReference = D354E6B02682221100C1519E /* TextMarkupKitSampleUITests.xctest */;
			productType = "com.apple.product-type.bundle.ui-testing";
		};
/* End PBXNativeTarget section */

/* Begin PBXProject section */
		D354E68A2682221000C1519E /* Project object */ = {
			isa = PBXProject;
			attributes = {
				LastSwiftUpdateCheck = 1250;
				LastUpgradeCheck = 1250;
				TargetAttributes = {
					D354E6912682221000C1519E = {
						CreatedOnToolsVersion = 12.5;
					};
					D354E6A42682221100C1519E = {
						CreatedOnToolsVersion = 12.5;
						TestTargetID = D354E6912682221000C1519E;
					};
					D354E6AF2682221100C1519E = {
						CreatedOnToolsVersion = 12.5;
						TestTargetID = D354E6912682221000C1519E;
					};
				};
			};
			buildConfigurationList = D354E68D2682221000C1519E /* Build configuration list for PBXProject "TextMarkupKitSample" */;
			compatibilityVersion = "Xcode 9.3";
			developmentRegion = en;
			hasScannedForEncodings = 0;
			knownRegions = (
				en,
				Base,
			);
			mainGroup = D354E6892682221000C1519E;
			productRefGroup = D354E6932682221000C1519E /* Products */;
			projectDirPath = "";
			projectRoot = "";
			targets = (
				D354E6912682221000C1519E /* TextMarkupKitSample */,
				D354E6A42682221100C1519E /* TextMarkupKitSampleTests */,
				D354E6AF2682221100C1519E /* TextMarkupKitSampleUITests */,
			);
		};
/* End PBXProject section */

/* Begin PBXResourcesBuildPhase section */
		D354E6902682221000C1519E /* Resources */ = {
			isa = PBXResourcesBuildPhase;
			buildActionMask = 2147483647;
			files = (
				D354E69F2682221100C1519E /* Preview Assets.xcassets in Resources */,
				D354E69C2682221100C1519E /* Assets.xcassets in Resources */,
			);
			runOnlyForDeploymentPostprocessing = 0;
		};
		D354E6A32682221100C1519E /* Resources */ = {
			isa = PBXResourcesBuildPhase;
			buildActionMask = 2147483647;
			files = (
			);
			runOnlyForDeploymentPostprocessing = 0;
		};
		D354E6AE2682221100C1519E /* Resources */ = {
			isa = PBXResourcesBuildPhase;
			buildActionMask = 2147483647;
			files = (
			);
			runOnlyForDeploymentPostprocessing = 0;
		};
/* End PBXResourcesBuildPhase section */

/* Begin PBXSourcesBuildPhase section */
		D354E68E2682221000C1519E /* Sources */ = {
			isa = PBXSourcesBuildPhase;
			buildActionMask = 2147483647;
			files = (
				D354E6982682221000C1519E /* TextMarkupKitSampleDocument.swift in Sources */,
				D354E6962682221000C1519E /* TextMarkupKitSampleApp.swift in Sources */,
				D354E69A2682221000C1519E /* ContentView.swift in Sources */,
			);
			runOnlyForDeploymentPostprocessing = 0;
		};
		D354E6A12682221100C1519E /* Sources */ = {
			isa = PBXSourcesBuildPhase;
			buildActionMask = 2147483647;
			files = (
				D354E6AA2682221100C1519E /* TextMarkupKitSampleTests.swift in Sources */,
			);
			runOnlyForDeploymentPostprocessing = 0;
		};
		D354E6AC2682221100C1519E /* Sources */ = {
			isa = PBXSourcesBuildPhase;
			buildActionMask = 2147483647;
			files = (
				D354E6B52682221100C1519E /* TextMarkupKitSampleUITests.swift in Sources */,
			);
			runOnlyForDeploymentPostprocessing = 0;
		};
/* End PBXSourcesBuildPhase section */

/* Begin PBXTargetDependency section */
		D354E6A72682221100C1519E /* PBXTargetDependency */ = {
			isa = PBXTargetDependency;
			target = D354E6912682221000C1519E /* TextMarkupKitSample */;
			targetProxy = D354E6A62682221100C1519E /* PBXContainerItemProxy */;
		};
		D354E6B22682221100C1519E /* PBXTargetDependency */ = {
			isa = PBXTargetDependency;
			target = D354E6912682221000C1519E /* TextMarkupKitSample */;
			targetProxy = D354E6B12682221100C1519E /* PBXContainerItemProxy */;
		};
/* End PBXTargetDependency section */

/* Begin XCBuildConfiguration section */
		D354E6B72682221100C1519E /* Debug */ = {
			isa = XCBuildConfiguration;
			buildSettings = {
				ALWAYS_SEARCH_USER_PATHS = NO;
				CLANG_ANALYZER_NONNULL = YES;
				CLANG_ANALYZER_NUMBER_OBJECT_CONVERSION = YES_AGGRESSIVE;
				CLANG_CXX_LANGUAGE_STANDARD = "gnu++14";
				CLANG_CXX_LIBRARY = "libc++";
				CLANG_ENABLE_MODULES = YES;
				CLANG_ENABLE_OBJC_ARC = YES;
				CLANG_ENABLE_OBJC_WEAK = YES;
				CLANG_WARN_BLOCK_CAPTURE_AUTORELEASING = YES;
				CLANG_WARN_BOOL_CONVERSION = YES;
				CLANG_WARN_COMMA = YES;
				CLANG_WARN_CONSTANT_CONVERSION = YES;
				CLANG_WARN_DEPRECATED_OBJC_IMPLEMENTATIONS = YES;
				CLANG_WARN_DIRECT_OBJC_ISA_USAGE = YES_ERROR;
				CLANG_WARN_DOCUMENTATION_COMMENTS = YES;
				CLANG_WARN_EMPTY_BODY = YES;
				CLANG_WARN_ENUM_CONVERSION = YES;
				CLANG_WARN_INFINITE_RECURSION = YES;
				CLANG_WARN_INT_CONVERSION = YES;
				CLANG_WARN_NON_LITERAL_NULL_CONVERSION = YES;
				CLANG_WARN_OBJC_IMPLICIT_RETAIN_SELF = YES;
				CLANG_WARN_OBJC_LITERAL_CONVERSION = YES;
				CLANG_WARN_OBJC_ROOT_CLASS = YES_ERROR;
				CLANG_WARN_QUOTED_INCLUDE_IN_FRAMEWORK_HEADER = YES;
				CLANG_WARN_RANGE_LOOP_ANALYSIS = YES;
				CLANG_WARN_STRICT_PROTOTYPES = YES;
				CLANG_WARN_SUSPICIOUS_MOVE = YES;
				CLANG_WARN_UNGUARDED_AVAILABILITY = YES_AGGRESSIVE;
				CLANG_WARN_UNREACHABLE_CODE = YES;
				CLANG_WARN__DUPLICATE_METHOD_MATCH = YES;
				COPY_PHASE_STRIP = NO;
				DEBUG_INFORMATION_FORMAT = dwarf;
				ENABLE_STRICT_OBJC_MSGSEND = YES;
				ENABLE_TESTABILITY = YES;
				GCC_C_LANGUAGE_STANDARD = gnu11;
				GCC_DYNAMIC_NO_PIC = NO;
				GCC_NO_COMMON_BLOCKS = YES;
				GCC_OPTIMIZATION_LEVEL = 0;
				GCC_PREPROCESSOR_DEFINITIONS = (
					"DEBUG=1",
					"$(inherited)",
				);
				GCC_WARN_64_TO_32_BIT_CONVERSION = YES;
				GCC_WARN_ABOUT_RETURN_TYPE = YES_ERROR;
				GCC_WARN_UNDECLARED_SELECTOR = YES;
				GCC_WARN_UNINITIALIZED_AUTOS = YES_AGGRESSIVE;
				GCC_WARN_UNUSED_FUNCTION = YES;
				GCC_WARN_UNUSED_VARIABLE = YES;
				IPHONEOS_DEPLOYMENT_TARGET = 14.5;
				MTL_ENABLE_DEBUG_INFO = INCLUDE_SOURCE;
				MTL_FAST_MATH = YES;
				ONLY_ACTIVE_ARCH = YES;
				SDKROOT = iphoneos;
				SWIFT_ACTIVE_COMPILATION_CONDITIONS = DEBUG;
				SWIFT_OPTIMIZATION_LEVEL = "-Onone";
			};
			name = Debug;
		};
		D354E6B82682221100C1519E /* Release */ = {
			isa = XCBuildConfiguration;
			buildSettings = {
				ALWAYS_SEARCH_USER_PATHS = NO;
				CLANG_ANALYZER_NONNULL = YES;
				CLANG_ANALYZER_NUMBER_OBJECT_CONVERSION = YES_AGGRESSIVE;
				CLANG_CXX_LANGUAGE_STANDARD = "gnu++14";
				CLANG_CXX_LIBRARY = "libc++";
				CLANG_ENABLE_MODULES = YES;
				CLANG_ENABLE_OBJC_ARC = YES;
				CLANG_ENABLE_OBJC_WEAK = YES;
				CLANG_WARN_BLOCK_CAPTURE_AUTORELEASING = YES;
				CLANG_WARN_BOOL_CONVERSION = YES;
				CLANG_WARN_COMMA = YES;
				CLANG_WARN_CONSTANT_CONVERSION = YES;
				CLANG_WARN_DEPRECATED_OBJC_IMPLEMENTATIONS = YES;
				CLANG_WARN_DIRECT_OBJC_ISA_USAGE = YES_ERROR;
				CLANG_WARN_DOCUMENTATION_COMMENTS = YES;
				CLANG_WARN_EMPTY_BODY = YES;
				CLANG_WARN_ENUM_CONVERSION = YES;
				CLANG_WARN_INFINITE_RECURSION = YES;
				CLANG_WARN_INT_CONVERSION = YES;
				CLANG_WARN_NON_LITERAL_NULL_CONVERSION = YES;
				CLANG_WARN_OBJC_IMPLICIT_RETAIN_SELF = YES;
				CLANG_WARN_OBJC_LITERAL_CONVERSION = YES;
				CLANG_WARN_OBJC_ROOT_CLASS = YES_ERROR;
				CLANG_WARN_QUOTED_INCLUDE_IN_FRAMEWORK_HEADER = YES;
				CLANG_WARN_RANGE_LOOP_ANALYSIS = YES;
				CLANG_WARN_STRICT_PROTOTYPES = YES;
				CLANG_WARN_SUSPICIOUS_MOVE = YES;
				CLANG_WARN_UNGUARDED_AVAILABILITY = YES_AGGRESSIVE;
				CLANG_WARN_UNREACHABLE_CODE = YES;
				CLANG_WARN__DUPLICATE_METHOD_MATCH = YES;
				COPY_PHASE_STRIP = NO;
				DEBUG_INFORMATION_FORMAT = "dwarf-with-dsym";
				ENABLE_NS_ASSERTIONS = NO;
				ENABLE_STRICT_OBJC_MSGSEND = YES;
				GCC_C_LANGUAGE_STANDARD = gnu11;
				GCC_NO_COMMON_BLOCKS = YES;
				GCC_WARN_64_TO_32_BIT_CONVERSION = YES;
				GCC_WARN_ABOUT_RETURN_TYPE = YES_ERROR;
				GCC_WARN_UNDECLARED_SELECTOR = YES;
				GCC_WARN_UNINITIALIZED_AUTOS = YES_AGGRESSIVE;
				GCC_WARN_UNUSED_FUNCTION = YES;
				GCC_WARN_UNUSED_VARIABLE = YES;
				IPHONEOS_DEPLOYMENT_TARGET = 14.5;
				MTL_ENABLE_DEBUG_INFO = NO;
				MTL_FAST_MATH = YES;
				SDKROOT = iphoneos;
				SWIFT_COMPILATION_MODE = wholemodule;
				SWIFT_OPTIMIZATION_LEVEL = "-O";
				VALIDATE_PRODUCT = YES;
			};
			name = Release;
		};
		D354E6BA2682221100C1519E /* Debug */ = {
			isa = XCBuildConfiguration;
			buildSettings = {
				ASSETCATALOG_COMPILER_APPICON_NAME = AppIcon;
				ASSETCATALOG_COMPILER_GLOBAL_ACCENT_COLOR_NAME = AccentColor;
				CODE_SIGN_STYLE = Automatic;
				DEVELOPMENT_ASSET_PATHS = "\"TextMarkupKitSample/Preview Content\"";
				DEVELOPMENT_TEAM = K2UU8WDD8H;
				ENABLE_PREVIEWS = YES;
				INFOPLIST_FILE = TextMarkupKitSample/Info.plist;
				IPHONEOS_DEPLOYMENT_TARGET = 14.0;
				LD_RUNPATH_SEARCH_PATHS = (
					"$(inherited)",
					"@executable_path/Frameworks",
				);
				PRODUCT_BUNDLE_IDENTIFIER = "org.brians-brain.TextMarkupKitSample";
				PRODUCT_NAME = "$(TARGET_NAME)";
				SWIFT_VERSION = 5.0;
				TARGETED_DEVICE_FAMILY = "1,2";
			};
			name = Debug;
		};
		D354E6BB2682221100C1519E /* Release */ = {
			isa = XCBuildConfiguration;
			buildSettings = {
				ASSETCATALOG_COMPILER_APPICON_NAME = AppIcon;
				ASSETCATALOG_COMPILER_GLOBAL_ACCENT_COLOR_NAME = AccentColor;
				CODE_SIGN_STYLE = Automatic;
				DEVELOPMENT_ASSET_PATHS = "\"TextMarkupKitSample/Preview Content\"";
				DEVELOPMENT_TEAM = K2UU8WDD8H;
				ENABLE_PREVIEWS = YES;
				INFOPLIST_FILE = TextMarkupKitSample/Info.plist;
				IPHONEOS_DEPLOYMENT_TARGET = 14.0;
				LD_RUNPATH_SEARCH_PATHS = (
					"$(inherited)",
					"@executable_path/Frameworks",
				);
				PRODUCT_BUNDLE_IDENTIFIER = "org.brians-brain.TextMarkupKitSample";
				PRODUCT_NAME = "$(TARGET_NAME)";
				SWIFT_VERSION = 5.0;
				TARGETED_DEVICE_FAMILY = "1,2";
			};
			name = Release;
		};
		D354E6BD2682221100C1519E /* Debug */ = {
			isa = XCBuildConfiguration;
			buildSettings = {
				ALWAYS_EMBED_SWIFT_STANDARD_LIBRARIES = YES;
				BUNDLE_LOADER = "$(TEST_HOST)";
				CODE_SIGN_STYLE = Automatic;
				DEVELOPMENT_TEAM = K2UU8WDD8H;
				INFOPLIST_FILE = TextMarkupKitSampleTests/Info.plist;
				IPHONEOS_DEPLOYMENT_TARGET = 14.0;
				LD_RUNPATH_SEARCH_PATHS = (
					"$(inherited)",
					"@executable_path/Frameworks",
					"@loader_path/Frameworks",
				);
				PRODUCT_BUNDLE_IDENTIFIER = "org.brians-brain.TextMarkupKitSampleTests";
				PRODUCT_NAME = "$(TARGET_NAME)";
				SWIFT_VERSION = 5.0;
				TARGETED_DEVICE_FAMILY = "1,2";
				TEST_HOST = "$(BUILT_PRODUCTS_DIR)/TextMarkupKitSample.app/TextMarkupKitSample";
			};
			name = Debug;
		};
		D354E6BE2682221100C1519E /* Release */ = {
			isa = XCBuildConfiguration;
			buildSettings = {
				ALWAYS_EMBED_SWIFT_STANDARD_LIBRARIES = YES;
				BUNDLE_LOADER = "$(TEST_HOST)";
				CODE_SIGN_STYLE = Automatic;
				DEVELOPMENT_TEAM = K2UU8WDD8H;
				INFOPLIST_FILE = TextMarkupKitSampleTests/Info.plist;
				IPHONEOS_DEPLOYMENT_TARGET = 14.0;
				LD_RUNPATH_SEARCH_PATHS = (
					"$(inherited)",
					"@executable_path/Frameworks",
					"@loader_path/Frameworks",
				);
				PRODUCT_BUNDLE_IDENTIFIER = "org.brians-brain.TextMarkupKitSampleTests";
				PRODUCT_NAME = "$(TARGET_NAME)";
				SWIFT_VERSION = 5.0;
				TARGETED_DEVICE_FAMILY = "1,2";
				TEST_HOST = "$(BUILT_PRODUCTS_DIR)/TextMarkupKitSample.app/TextMarkupKitSample";
			};
			name = Release;
		};
		D354E6C02682221100C1519E /* Debug */ = {
			isa = XCBuildConfiguration;
			buildSettings = {
				ALWAYS_EMBED_SWIFT_STANDARD_LIBRARIES = YES;
				CODE_SIGN_STYLE = Automatic;
				DEVELOPMENT_TEAM = K2UU8WDD8H;
				INFOPLIST_FILE = TextMarkupKitSampleUITests/Info.plist;
				LD_RUNPATH_SEARCH_PATHS = (
					"$(inherited)",
					"@executable_path/Frameworks",
					"@loader_path/Frameworks",
				);
				PRODUCT_BUNDLE_IDENTIFIER = "org.brians-brain.TextMarkupKitSampleUITests";
				PRODUCT_NAME = "$(TARGET_NAME)";
				SWIFT_VERSION = 5.0;
				TARGETED_DEVICE_FAMILY = "1,2";
				TEST_TARGET_NAME = TextMarkupKitSample;
			};
			name = Debug;
		};
		D354E6C12682221100C1519E /* Release */ = {
			isa = XCBuildConfiguration;
			buildSettings = {
				ALWAYS_EMBED_SWIFT_STANDARD_LIBRARIES = YES;
				CODE_SIGN_STYLE = Automatic;
				DEVELOPMENT_TEAM = K2UU8WDD8H;
				INFOPLIST_FILE = TextMarkupKitSampleUITests/Info.plist;
				LD_RUNPATH_SEARCH_PATHS = (
					"$(inherited)",
					"@executable_path/Frameworks",
					"@loader_path/Frameworks",
				);
				PRODUCT_BUNDLE_IDENTIFIER = "org.brians-brain.TextMarkupKitSampleUITests";
				PRODUCT_NAME = "$(TARGET_NAME)";
				SWIFT_VERSION = 5.0;
				TARGETED_DEVICE_FAMILY = "1,2";
				TEST_TARGET_NAME = TextMarkupKitSample;
			};
			name = Release;
		};
/* End XCBuildConfiguration section */

/* Begin XCConfigurationList section */
		D354E68D2682221000C1519E /* Build configuration list for PBXProject "TextMarkupKitSample" */ = {
			isa = XCConfigurationList;
			buildConfigurations = (
				D354E6B72682221100C1519E /* Debug */,
				D354E6B82682221100C1519E /* Release */,
			);
			defaultConfigurationIsVisible = 0;
			defaultConfigurationName = Release;
		};
		D354E6B92682221100C1519E /* Build configuration list for PBXNativeTarget "TextMarkupKitSample" */ = {
			isa = XCConfigurationList;
			buildConfigurations = (
				D354E6BA2682221100C1519E /* Debug */,
				D354E6BB2682221100C1519E /* Release */,
			);
			defaultConfigurationIsVisible = 0;
			defaultConfigurationName = Release;
		};
		D354E6BC2682221100C1519E /* Build configuration list for PBXNativeTarget "TextMarkupKitSampleTests" */ = {
			isa = XCConfigurationList;
			buildConfigurations = (
				D354E6BD2682221100C1519E /* Debug */,
				D354E6BE2682221100C1519E /* Release */,
			);
			defaultConfigurationIsVisible = 0;
			defaultConfigurationName = Release;
		};
		D354E6BF2682221100C1519E /* Build configuration list for PBXNativeTarget "TextMarkupKitSampleUITests" */ = {
			isa = XCConfigurationList;
			buildConfigurations = (
				D354E6C02682221100C1519E /* Debug */,
				D354E6C12682221100C1519E /* Release */,
			);
			defaultConfigurationIsVisible = 0;
			defaultConfigurationName = Release;
		};
/* End XCConfigurationList section */

/* Begin XCSwiftPackageProductDependency section */
		D3EE1243268225CF009724CC /* TextMarkupKit */ = {
			isa = XCSwiftPackageProductDependency;
			productName = TextMarkupKit;
		};
/* End XCSwiftPackageProductDependency section */
	};
	rootObject = D354E68A2682221000C1519E /* Project object */;
}
